// !$*UTF8*$!
{
	archiveVersion = 1;
	classes = {
	};
	objectVersion = 52;
	objects = {

/* Begin PBXBuildFile section */
		9F0F4BE923D8E3FA00DC15E8 /* PhotoCellCollectionViewCell.swift in Sources */ = {isa = PBXBuildFile; fileRef = 9F0F4BE823D8E3FA00DC15E8 /* PhotoCellCollectionViewCell.swift */; };
		9F0F4BEB23D8F0FC00DC15E8 /* DetailVC.swift in Sources */ = {isa = PBXBuildFile; fileRef = 9F0F4BEA23D8F0FC00DC15E8 /* DetailVC.swift */; };
		9F23BD1423DA277400261454 /* FaveVC.swift in Sources */ = {isa = PBXBuildFile; fileRef = 9F23BD1323DA277400261454 /* FaveVC.swift */; };
		9F23BD1623DA2A8D00261454 /* FaveCVC.swift in Sources */ = {isa = PBXBuildFile; fileRef = 9F23BD1523DA2A8D00261454 /* FaveCVC.swift */; };
		9F358E9E23D7BFE700C7B92C /* NetworkHelper in Frameworks */ = {isa = PBXBuildFile; productRef = 9F358E9D23D7BFE700C7B92C /* NetworkHelper */; };
		9F358EA123D7C01F00C7B92C /* ImageKit in Frameworks */ = {isa = PBXBuildFile; productRef = 9F358EA023D7C01F00C7B92C /* ImageKit */; };
		9F358EA423D7C0DE00C7B92C /* persistenceHelper.swift in Sources */ = {isa = PBXBuildFile; fileRef = 9F358EA323D7C0DE00C7B92C /* persistenceHelper.swift */; };
		9F358EA623D7C12900C7B92C /* FileManger + Extension.swift in Sources */ = {isa = PBXBuildFile; fileRef = 9F358EA523D7C12900C7B92C /* FileManger + Extension.swift */; };
		9F358EA923D7C1D400C7B92C /* Model.swift in Sources */ = {isa = PBXBuildFile; fileRef = 9F358EA823D7C1D400C7B92C /* Model.swift */; };
		9F358EAD23D7CAE200C7B92C /* APIClient.swift in Sources */ = {isa = PBXBuildFile; fileRef = 9F358EAC23D7CAE200C7B92C /* APIClient.swift */; };
		9FE9961823D7B5C800C32291 /* AppDelegate.swift in Sources */ = {isa = PBXBuildFile; fileRef = 9FE9961723D7B5C800C32291 /* AppDelegate.swift */; };
		9FE9961A23D7B5C800C32291 /* SceneDelegate.swift in Sources */ = {isa = PBXBuildFile; fileRef = 9FE9961923D7B5C800C32291 /* SceneDelegate.swift */; };
		9FE9961C23D7B5C800C32291 /* ViewController.swift in Sources */ = {isa = PBXBuildFile; fileRef = 9FE9961B23D7B5C800C32291 /* ViewController.swift */; };
		9FE9961F23D7B5C800C32291 /* Main.storyboard in Resources */ = {isa = PBXBuildFile; fileRef = 9FE9961D23D7B5C800C32291 /* Main.storyboard */; };
		9FE9962123D7B5CC00C32291 /* Assets.xcassets in Resources */ = {isa = PBXBuildFile; fileRef = 9FE9962023D7B5CC00C32291 /* Assets.xcassets */; };
		9FE9962423D7B5CC00C32291 /* LaunchScreen.storyboard in Resources */ = {isa = PBXBuildFile; fileRef = 9FE9962223D7B5CC00C32291 /* LaunchScreen.storyboard */; };
		9FE9962F23D7B5CD00C32291 /* FileManager_Persistence_Lab_Jan_21_2020Tests.swift in Sources */ = {isa = PBXBuildFile; fileRef = 9FE9962E23D7B5CD00C32291 /* FileManager_Persistence_Lab_Jan_21_2020Tests.swift */; };
/* End PBXBuildFile section */

/* Begin PBXContainerItemProxy section */
		9FE9962B23D7B5CD00C32291 /* PBXContainerItemProxy */ = {
			isa = PBXContainerItemProxy;
			containerPortal = 9FE9960C23D7B5C700C32291 /* Project object */;
			proxyType = 1;
			remoteGlobalIDString = 9FE9961323D7B5C800C32291;
			remoteInfo = "FileManager Persistence Lab Jan 21 2020";
		};
/* End PBXContainerItemProxy section */

/* Begin PBXFileReference section */
		9F0F4BE823D8E3FA00DC15E8 /* PhotoCellCollectionViewCell.swift */ = {isa = PBXFileReference; lastKnownFileType = sourcecode.swift; path = PhotoCellCollectionViewCell.swift; sourceTree = "<group>"; };
		9F0F4BEA23D8F0FC00DC15E8 /* DetailVC.swift */ = {isa = PBXFileReference; lastKnownFileType = sourcecode.swift; path = DetailVC.swift; sourceTree = "<group>"; };
		9F23BD1323DA277400261454 /* FaveVC.swift */ = {isa = PBXFileReference; lastKnownFileType = sourcecode.swift; path = FaveVC.swift; sourceTree = "<group>"; };
		9F23BD1523DA2A8D00261454 /* FaveCVC.swift */ = {isa = PBXFileReference; lastKnownFileType = sourcecode.swift; path = FaveCVC.swift; sourceTree = "<group>"; };
		9F358EA323D7C0DE00C7B92C /* persistenceHelper.swift */ = {isa = PBXFileReference; lastKnownFileType = sourcecode.swift; path = persistenceHelper.swift; sourceTree = "<group>"; };
		9F358EA523D7C12900C7B92C /* FileManger + Extension.swift */ = {isa = PBXFileReference; lastKnownFileType = sourcecode.swift; path = "FileManger + Extension.swift"; sourceTree = "<group>"; };
		9F358EA823D7C1D400C7B92C /* Model.swift */ = {isa = PBXFileReference; lastKnownFileType = sourcecode.swift; path = Model.swift; sourceTree = "<group>"; };
		9F358EAC23D7CAE200C7B92C /* APIClient.swift */ = {isa = PBXFileReference; lastKnownFileType = sourcecode.swift; path = APIClient.swift; sourceTree = "<group>"; };
		9FE9961423D7B5C800C32291 /* FileManager Persistence Lab Jan 21 2020.app */ = {isa = PBXFileReference; explicitFileType = wrapper.application; includeInIndex = 0; path = "FileManager Persistence Lab Jan 21 2020.app"; sourceTree = BUILT_PRODUCTS_DIR; };
		9FE9961723D7B5C800C32291 /* AppDelegate.swift */ = {isa = PBXFileReference; lastKnownFileType = sourcecode.swift; path = AppDelegate.swift; sourceTree = "<group>"; };
		9FE9961923D7B5C800C32291 /* SceneDelegate.swift */ = {isa = PBXFileReference; lastKnownFileType = sourcecode.swift; path = SceneDelegate.swift; sourceTree = "<group>"; };
		9FE9961B23D7B5C800C32291 /* ViewController.swift */ = {isa = PBXFileReference; lastKnownFileType = sourcecode.swift; path = ViewController.swift; sourceTree = "<group>"; };
		9FE9961E23D7B5C800C32291 /* Base */ = {isa = PBXFileReference; lastKnownFileType = file.storyboard; name = Base; path = Base.lproj/Main.storyboard; sourceTree = "<group>"; };
		9FE9962023D7B5CC00C32291 /* Assets.xcassets */ = {isa = PBXFileReference; lastKnownFileType = folder.assetcatalog; path = Assets.xcassets; sourceTree = "<group>"; };
		9FE9962323D7B5CC00C32291 /* Base */ = {isa = PBXFileReference; lastKnownFileType = file.storyboard; name = Base; path = Base.lproj/LaunchScreen.storyboard; sourceTree = "<group>"; };
		9FE9962523D7B5CC00C32291 /* Info.plist */ = {isa = PBXFileReference; lastKnownFileType = text.plist.xml; path = Info.plist; sourceTree = "<group>"; };
		9FE9962A23D7B5CD00C32291 /* FileManager Persistence Lab Jan 21 2020Tests.xctest */ = {isa = PBXFileReference; explicitFileType = wrapper.cfbundle; includeInIndex = 0; path = "FileManager Persistence Lab Jan 21 2020Tests.xctest"; sourceTree = BUILT_PRODUCTS_DIR; };
		9FE9962E23D7B5CD00C32291 /* FileManager_Persistence_Lab_Jan_21_2020Tests.swift */ = {isa = PBXFileReference; lastKnownFileType = sourcecode.swift; path = FileManager_Persistence_Lab_Jan_21_2020Tests.swift; sourceTree = "<group>"; };
		9FE9963023D7B5CD00C32291 /* Info.plist */ = {isa = PBXFileReference; lastKnownFileType = text.plist.xml; path = Info.plist; sourceTree = "<group>"; };
/* End PBXFileReference section */

/* Begin PBXFrameworksBuildPhase section */
		9FE9961123D7B5C800C32291 /* Frameworks */ = {
			isa = PBXFrameworksBuildPhase;
			buildActionMask = 2147483647;
			files = (
				9F358E9E23D7BFE700C7B92C /* NetworkHelper in Frameworks */,
				9F358EA123D7C01F00C7B92C /* ImageKit in Frameworks */,
			);
			runOnlyForDeploymentPostprocessing = 0;
		};
		9FE9962723D7B5CD00C32291 /* Frameworks */ = {
			isa = PBXFrameworksBuildPhase;
			buildActionMask = 2147483647;
			files = (
			);
			runOnlyForDeploymentPostprocessing = 0;
		};
/* End PBXFrameworksBuildPhase section */

/* Begin PBXGroup section */
		9F0F4BE723D8DB6100DC15E8 /* Cell */ = {
			isa = PBXGroup;
			children = (
				9F0F4BE823D8E3FA00DC15E8 /* PhotoCellCollectionViewCell.swift */,
				9F23BD1523DA2A8D00261454 /* FaveCVC.swift */,
			);
			path = Cell;
			sourceTree = "<group>";
		};
		9F358EA223D7C0A200C7B92C /* Data Persistence */ = {
			isa = PBXGroup;
			children = (
				9F358EA323D7C0DE00C7B92C /* persistenceHelper.swift */,
				9F358EA523D7C12900C7B92C /* FileManger + Extension.swift */,
			);
			path = "Data Persistence";
			sourceTree = "<group>";
		};
		9F358EA723D7C19F00C7B92C /* Model */ = {
			isa = PBXGroup;
			children = (
				9F358EA823D7C1D400C7B92C /* Model.swift */,
			);
			path = Model;
			sourceTree = "<group>";
		};
		9F358EAA23D7C84200C7B92C /* Controllers  */ = {
			isa = PBXGroup;
			children = (
				9FE9961B23D7B5C800C32291 /* ViewController.swift */,
				9F0F4BEA23D8F0FC00DC15E8 /* DetailVC.swift */,
				9F23BD1323DA277400261454 /* FaveVC.swift */,
			);
			path = "Controllers ";
			sourceTree = "<group>";
		};
		9F358EAB23D7CA9500C7B92C /* APIClient */ = {
			isa = PBXGroup;
			children = (
				9F358EAC23D7CAE200C7B92C /* APIClient.swift */,
			);
			path = APIClient;
			sourceTree = "<group>";
		};
		9FE9960B23D7B5C700C32291 = {
			isa = PBXGroup;
			children = (
				9F0F4BE723D8DB6100DC15E8 /* Cell */,
				9F358EAB23D7CA9500C7B92C /* APIClient */,
				9F358EAA23D7C84200C7B92C /* Controllers  */,
				9F358EA723D7C19F00C7B92C /* Model */,
				9F358EA223D7C0A200C7B92C /* Data Persistence */,
				9FE9961623D7B5C800C32291 /* FileManager Persistence Lab Jan 21 2020 */,
				9FE9962D23D7B5CD00C32291 /* FileManager Persistence Lab Jan 21 2020Tests */,
				9FE9961523D7B5C800C32291 /* Products */,
			);
			sourceTree = "<group>";
		};
		9FE9961523D7B5C800C32291 /* Products */ = {
			isa = PBXGroup;
			children = (
				9FE9961423D7B5C800C32291 /* FileManager Persistence Lab Jan 21 2020.app */,
				9FE9962A23D7B5CD00C32291 /* FileManager Persistence Lab Jan 21 2020Tests.xctest */,
			);
			name = Products;
			sourceTree = "<group>";
		};
		9FE9961623D7B5C800C32291 /* FileManager Persistence Lab Jan 21 2020 */ = {
			isa = PBXGroup;
			children = (
				9FE9961D23D7B5C800C32291 /* Main.storyboard */,
				9FE9961723D7B5C800C32291 /* AppDelegate.swift */,
				9FE9962023D7B5CC00C32291 /* Assets.xcassets */,
				9FE9961923D7B5C800C32291 /* SceneDelegate.swift */,
				9FE9962223D7B5CC00C32291 /* LaunchScreen.storyboard */,
				9FE9962523D7B5CC00C32291 /* Info.plist */,
			);
			path = "FileManager Persistence Lab Jan 21 2020";
			sourceTree = "<group>";
		};
		9FE9962D23D7B5CD00C32291 /* FileManager Persistence Lab Jan 21 2020Tests */ = {
			isa = PBXGroup;
			children = (
				9FE9962E23D7B5CD00C32291 /* FileManager_Persistence_Lab_Jan_21_2020Tests.swift */,
				9FE9963023D7B5CD00C32291 /* Info.plist */,
			);
			path = "FileManager Persistence Lab Jan 21 2020Tests";
			sourceTree = "<group>";
		};
/* End PBXGroup section */

/* Begin PBXNativeTarget section */
		9FE9961323D7B5C800C32291 /* FileManager Persistence Lab Jan 21 2020 */ = {
			isa = PBXNativeTarget;
			buildConfigurationList = 9FE9963323D7B5CD00C32291 /* Build configuration list for PBXNativeTarget "FileManager Persistence Lab Jan 21 2020" */;
			buildPhases = (
				9FE9961023D7B5C800C32291 /* Sources */,
				9FE9961123D7B5C800C32291 /* Frameworks */,
				9FE9961223D7B5C800C32291 /* Resources */,
			);
			buildRules = (
			);
			dependencies = (
			);
			name = "FileManager Persistence Lab Jan 21 2020";
			packageProductDependencies = (
				9F358E9D23D7BFE700C7B92C /* NetworkHelper */,
				9F358EA023D7C01F00C7B92C /* ImageKit */,
			);
			productName = "FileManager Persistence Lab Jan 21 2020";
			productReference = 9FE9961423D7B5C800C32291 /* FileManager Persistence Lab Jan 21 2020.app */;
			productType = "com.apple.product-type.application";
		};
		9FE9962923D7B5CD00C32291 /* FileManager Persistence Lab Jan 21 2020Tests */ = {
			isa = PBXNativeTarget;
			buildConfigurationList = 9FE9963623D7B5CD00C32291 /* Build configuration list for PBXNativeTarget "FileManager Persistence Lab Jan 21 2020Tests" */;
			buildPhases = (
				9FE9962623D7B5CD00C32291 /* Sources */,
				9FE9962723D7B5CD00C32291 /* Frameworks */,
				9FE9962823D7B5CD00C32291 /* Resources */,
			);
			buildRules = (
			);
			dependencies = (
				9FE9962C23D7B5CD00C32291 /* PBXTargetDependency */,
			);
			name = "FileManager Persistence Lab Jan 21 2020Tests";
			productName = "FileManager Persistence Lab Jan 21 2020Tests";
			productReference = 9FE9962A23D7B5CD00C32291 /* FileManager Persistence Lab Jan 21 2020Tests.xctest */;
			productType = "com.apple.product-type.bundle.unit-test";
		};
/* End PBXNativeTarget section */

/* Begin PBXProject section */
		9FE9960C23D7B5C700C32291 /* Project object */ = {
			isa = PBXProject;
			attributes = {
				LastSwiftUpdateCheck = 1130;
				LastUpgradeCheck = 1130;
				ORGANIZATIONNAME = "Margiett Gil";
				TargetAttributes = {
					9FE9961323D7B5C800C32291 = {
						CreatedOnToolsVersion = 11.3;
					};
					9FE9962923D7B5CD00C32291 = {
						CreatedOnToolsVersion = 11.3;
						TestTargetID = 9FE9961323D7B5C800C32291;
					};
				};
			};
			buildConfigurationList = 9FE9960F23D7B5C700C32291 /* Build configuration list for PBXProject "FileManager Persistence Lab Jan 21 2020" */;
			compatibilityVersion = "Xcode 9.3";
			developmentRegion = en;
			hasScannedForEncodings = 0;
			knownRegions = (
				en,
				Base,
			);
			mainGroup = 9FE9960B23D7B5C700C32291;
			packageReferences = (
				9F358E9C23D7BFE700C7B92C /* XCRemoteSwiftPackageReference "NetworkHelperSPM" */,
				9F358E9F23D7C01F00C7B92C /* XCRemoteSwiftPackageReference "ImageKit" */,
			);
			productRefGroup = 9FE9961523D7B5C800C32291 /* Products */;
			projectDirPath = "";
			projectRoot = "";
			targets = (
				9FE9961323D7B5C800C32291 /* FileManager Persistence Lab Jan 21 2020 */,
				9FE9962923D7B5CD00C32291 /* FileManager Persistence Lab Jan 21 2020Tests */,
			);
		};
/* End PBXProject section */

/* Begin PBXResourcesBuildPhase section */
		9FE9961223D7B5C800C32291 /* Resources */ = {
			isa = PBXResourcesBuildPhase;
			buildActionMask = 2147483647;
			files = (
				9FE9962423D7B5CC00C32291 /* LaunchScreen.storyboard in Resources */,
				9FE9962123D7B5CC00C32291 /* Assets.xcassets in Resources */,
				9FE9961F23D7B5C800C32291 /* Main.storyboard in Resources */,
			);
			runOnlyForDeploymentPostprocessing = 0;
		};
		9FE9962823D7B5CD00C32291 /* Resources */ = {
			isa = PBXResourcesBuildPhase;
			buildActionMask = 2147483647;
			files = (
			);
			runOnlyForDeploymentPostprocessing = 0;
		};
/* End PBXResourcesBuildPhase section */

/* Begin PBXSourcesBuildPhase section */
		9FE9961023D7B5C800C32291 /* Sources */ = {
			isa = PBXSourcesBuildPhase;
			buildActionMask = 2147483647;
			files = (
				9FE9961C23D7B5C800C32291 /* ViewController.swift in Sources */,
				9F358EAD23D7CAE200C7B92C /* APIClient.swift in Sources */,
				9FE9961823D7B5C800C32291 /* AppDelegate.swift in Sources */,
				9FE9961A23D7B5C800C32291 /* SceneDelegate.swift in Sources */,
				9F23BD1423DA277400261454 /* FaveVC.swift in Sources */,
				9F358EA923D7C1D400C7B92C /* Model.swift in Sources */,
				9F0F4BEB23D8F0FC00DC15E8 /* DetailVC.swift in Sources */,
				9F23BD1623DA2A8D00261454 /* FaveCVC.swift in Sources */,
				9F358EA423D7C0DE00C7B92C /* persistenceHelper.swift in Sources */,
				9F358EA623D7C12900C7B92C /* FileManger + Extension.swift in Sources */,
				9F0F4BE923D8E3FA00DC15E8 /* PhotoCellCollectionViewCell.swift in Sources */,
			);
			runOnlyForDeploymentPostprocessing = 0;
		};
		9FE9962623D7B5CD00C32291 /* Sources */ = {
			isa = PBXSourcesBuildPhase;
			buildActionMask = 2147483647;
			files = (
				9FE9962F23D7B5CD00C32291 /* FileManager_Persistence_Lab_Jan_21_2020Tests.swift in Sources */,
			);
			runOnlyForDeploymentPostprocessing = 0;
		};
/* End PBXSourcesBuildPhase section */

/* Begin PBXTargetDependency section */
		9FE9962C23D7B5CD00C32291 /* PBXTargetDependency */ = {
			isa = PBXTargetDependency;
			target = 9FE9961323D7B5C800C32291 /* FileManager Persistence Lab Jan 21 2020 */;
			targetProxy = 9FE9962B23D7B5CD00C32291 /* PBXContainerItemProxy */;
		};
/* End PBXTargetDependency section */

/* Begin PBXVariantGroup section */
		9FE9961D23D7B5C800C32291 /* Main.storyboard */ = {
			isa = PBXVariantGroup;
			children = (
				9FE9961E23D7B5C800C32291 /* Base */,
			);
			name = Main.storyboard;
			sourceTree = "<group>";
		};
		9FE9962223D7B5CC00C32291 /* LaunchScreen.storyboard */ = {
			isa = PBXVariantGroup;
			children = (
				9FE9962323D7B5CC00C32291 /* Base */,
			);
			name = LaunchScreen.storyboard;
			sourceTree = "<group>";
		};
/* End PBXVariantGroup section */

/* Begin XCBuildConfiguration section */
		9FE9963123D7B5CD00C32291 /* Debug */ = {
			isa = XCBuildConfiguration;
			buildSettings = {
				ALWAYS_SEARCH_USER_PATHS = NO;
				CLANG_ANALYZER_NONNULL = YES;
				CLANG_ANALYZER_NUMBER_OBJECT_CONVERSION = YES_AGGRESSIVE;
				CLANG_CXX_LANGUAGE_STANDARD = "gnu++14";
				CLANG_CXX_LIBRARY = "libc++";
				CLANG_ENABLE_MODULES = YES;
				CLANG_ENABLE_OBJC_ARC = YES;
				CLANG_ENABLE_OBJC_WEAK = YES;
				CLANG_WARN_BLOCK_CAPTURE_AUTORELEASING = YES;
				CLANG_WARN_BOOL_CONVERSION = YES;
				CLANG_WARN_COMMA = YES;
				CLANG_WARN_CONSTANT_CONVERSION = YES;
				CLANG_WARN_DEPRECATED_OBJC_IMPLEMENTATIONS = YES;
				CLANG_WARN_DIRECT_OBJC_ISA_USAGE = YES_ERROR;
				CLANG_WARN_DOCUMENTATION_COMMENTS = YES;
				CLANG_WARN_EMPTY_BODY = YES;
				CLANG_WARN_ENUM_CONVERSION = YES;
				CLANG_WARN_INFINITE_RECURSION = YES;
				CLANG_WARN_INT_CONVERSION = YES;
				CLANG_WARN_NON_LITERAL_NULL_CONVERSION = YES;
				CLANG_WARN_OBJC_IMPLICIT_RETAIN_SELF = YES;
				CLANG_WARN_OBJC_LITERAL_CONVERSION = YES;
				CLANG_WARN_OBJC_ROOT_CLASS = YES_ERROR;
				CLANG_WARN_RANGE_LOOP_ANALYSIS = YES;
				CLANG_WARN_STRICT_PROTOTYPES = YES;
				CLANG_WARN_SUSPICIOUS_MOVE = YES;
				CLANG_WARN_UNGUARDED_AVAILABILITY = YES_AGGRESSIVE;
				CLANG_WARN_UNREACHABLE_CODE = YES;
				CLANG_WARN__DUPLICATE_METHOD_MATCH = YES;
				COPY_PHASE_STRIP = NO;
				DEBUG_INFORMATION_FORMAT = dwarf;
				ENABLE_STRICT_OBJC_MSGSEND = YES;
				ENABLE_TESTABILITY = YES;
				GCC_C_LANGUAGE_STANDARD = gnu11;
				GCC_DYNAMIC_NO_PIC = NO;
				GCC_NO_COMMON_BLOCKS = YES;
				GCC_OPTIMIZATION_LEVEL = 0;
				GCC_PREPROCESSOR_DEFINITIONS = (
					"DEBUG=1",
					"$(inherited)",
				);
				GCC_WARN_64_TO_32_BIT_CONVERSION = YES;
				GCC_WARN_ABOUT_RETURN_TYPE = YES_ERROR;
				GCC_WARN_UNDECLARED_SELECTOR = YES;
				GCC_WARN_UNINITIALIZED_AUTOS = YES_AGGRESSIVE;
				GCC_WARN_UNUSED_FUNCTION = YES;
				GCC_WARN_UNUSED_VARIABLE = YES;
				IPHONEOS_DEPLOYMENT_TARGET = 13.2;
				MTL_ENABLE_DEBUG_INFO = INCLUDE_SOURCE;
				MTL_FAST_MATH = YES;
				ONLY_ACTIVE_ARCH = YES;
				SDKROOT = iphoneos;
				SWIFT_ACTIVE_COMPILATION_CONDITIONS = DEBUG;
				SWIFT_OPTIMIZATION_LEVEL = "-Onone";
			};
			name = Debug;
		};
		9FE9963223D7B5CD00C32291 /* Release */ = {
			isa = XCBuildConfiguration;
			buildSettings = {
				ALWAYS_SEARCH_USER_PATHS = NO;
				CLANG_ANALYZER_NONNULL = YES;
				CLANG_ANALYZER_NUMBER_OBJECT_CONVERSION = YES_AGGRESSIVE;
				CLANG_CXX_LANGUAGE_STANDARD = "gnu++14";
				CLANG_CXX_LIBRARY = "libc++";
				CLANG_ENABLE_MODULES = YES;
				CLANG_ENABLE_OBJC_ARC = YES;
				CLANG_ENABLE_OBJC_WEAK = YES;
				CLANG_WARN_BLOCK_CAPTURE_AUTORELEASING = YES;
				CLANG_WARN_BOOL_CONVERSION = YES;
				CLANG_WARN_COMMA = YES;
				CLANG_WARN_CONSTANT_CONVERSION = YES;
				CLANG_WARN_DEPRECATED_OBJC_IMPLEMENTATIONS = YES;
				CLANG_WARN_DIRECT_OBJC_ISA_USAGE = YES_ERROR;
				CLANG_WARN_DOCUMENTATION_COMMENTS = YES;
				CLANG_WARN_EMPTY_BODY = YES;
				CLANG_WARN_ENUM_CONVERSION = YES;
				CLANG_WARN_INFINITE_RECURSION = YES;
				CLANG_WARN_INT_CONVERSION = YES;
				CLANG_WARN_NON_LITERAL_NULL_CONVERSION = YES;
				CLANG_WARN_OBJC_IMPLICIT_RETAIN_SELF = YES;
				CLANG_WARN_OBJC_LITERAL_CONVERSION = YES;
				CLANG_WARN_OBJC_ROOT_CLASS = YES_ERROR;
				CLANG_WARN_RANGE_LOOP_ANALYSIS = YES;
				CLANG_WARN_STRICT_PROTOTYPES = YES;
				CLANG_WARN_SUSPICIOUS_MOVE = YES;
				CLANG_WARN_UNGUARDED_AVAILABILITY = YES_AGGRESSIVE;
				CLANG_WARN_UNREACHABLE_CODE = YES;
				CLANG_WARN__DUPLICATE_METHOD_MATCH = YES;
				COPY_PHASE_STRIP = NO;
				DEBUG_INFORMATION_FORMAT = "dwarf-with-dsym";
				ENABLE_NS_ASSERTIONS = NO;
				ENABLE_STRICT_OBJC_MSGSEND = YES;
				GCC_C_LANGUAGE_STANDARD = gnu11;
				GCC_NO_COMMON_BLOCKS = YES;
				GCC_WARN_64_TO_32_BIT_CONVERSION = YES;
				GCC_WARN_ABOUT_RETURN_TYPE = YES_ERROR;
				GCC_WARN_UNDECLARED_SELECTOR = YES;
				GCC_WARN_UNINITIALIZED_AUTOS = YES_AGGRESSIVE;
				GCC_WARN_UNUSED_FUNCTION = YES;
				GCC_WARN_UNUSED_VARIABLE = YES;
				IPHONEOS_DEPLOYMENT_TARGET = 13.2;
				MTL_ENABLE_DEBUG_INFO = NO;
				MTL_FAST_MATH = YES;
				SDKROOT = iphoneos;
				SWIFT_COMPILATION_MODE = wholemodule;
				SWIFT_OPTIMIZATION_LEVEL = "-O";
				VALIDATE_PRODUCT = YES;
			};
			name = Release;
		};
		9FE9963423D7B5CD00C32291 /* Debug */ = {
			isa = XCBuildConfiguration;
			buildSettings = {
				ASSETCATALOG_COMPILER_APPICON_NAME = AppIcon;
				CODE_SIGN_STYLE = Automatic;
				DEVELOPMENT_TEAM = J35376R2S6;
				INFOPLIST_FILE = "FileManager Persistence Lab Jan 21 2020/Info.plist";
				LD_RUNPATH_SEARCH_PATHS = (
					"$(inherited)",
					"@executable_path/Frameworks",
				);
				PRODUCT_BUNDLE_IDENTIFIER = "com.Margiett.FileManager-Persistence-Lab-Jan-21-2020";
				PRODUCT_NAME = "$(TARGET_NAME)";
				SWIFT_VERSION = 5.0;
				TARGETED_DEVICE_FAMILY = "1,2";
			};
			name = Debug;
		};
		9FE9963523D7B5CD00C32291 /* Release */ = {
			isa = XCBuildConfiguration;
			buildSettings = {
				ASSETCATALOG_COMPILER_APPICON_NAME = AppIcon;
				CODE_SIGN_STYLE = Automatic;
				DEVELOPMENT_TEAM = J35376R2S6;
				INFOPLIST_FILE = "FileManager Persistence Lab Jan 21 2020/Info.plist";
				LD_RUNPATH_SEARCH_PATHS = (
					"$(inherited)",
					"@executable_path/Frameworks",
				);
				PRODUCT_BUNDLE_IDENTIFIER = "com.Margiett.FileManager-Persistence-Lab-Jan-21-2020";
				PRODUCT_NAME = "$(TARGET_NAME)";
				SWIFT_VERSION = 5.0;
				TARGETED_DEVICE_FAMILY = "1,2";
			};
			name = Release;
		};
		9FE9963723D7B5CD00C32291 /* Debug */ = {
			isa = XCBuildConfiguration;
			buildSettings = {
				ALWAYS_EMBED_SWIFT_STANDARD_LIBRARIES = YES;
				BUNDLE_LOADER = "$(TEST_HOST)";
				CODE_SIGN_STYLE = Automatic;
				DEVELOPMENT_TEAM = J35376R2S6;
				INFOPLIST_FILE = "FileManager Persistence Lab Jan 21 2020Tests/Info.plist";
				IPHONEOS_DEPLOYMENT_TARGET = 13.2;
				LD_RUNPATH_SEARCH_PATHS = (
					"$(inherited)",
					"@executable_path/Frameworks",
					"@loader_path/Frameworks",
				);
				PRODUCT_BUNDLE_IDENTIFIER = "com.Margiett.FileManager-Persistence-Lab-Jan-21-2020Tests";
				PRODUCT_NAME = "$(TARGET_NAME)";
				SWIFT_VERSION = 5.0;
				TARGETED_DEVICE_FAMILY = "1,2";
				TEST_HOST = "$(BUILT_PRODUCTS_DIR)/FileManager Persistence Lab Jan 21 2020.app/FileManager Persistence Lab Jan 21 2020";
			};
			name = Debug;
		};
		9FE9963823D7B5CD00C32291 /* Release */ = {
			isa = XCBuildConfiguration;
			buildSettings = {
				ALWAYS_EMBED_SWIFT_STANDARD_LIBRARIES = YES;
				BUNDLE_LOADER = "$(TEST_HOST)";
				CODE_SIGN_STYLE = Automatic;
				DEVELOPMENT_TEAM = J35376R2S6;
				INFOPLIST_FILE = "FileManager Persistence Lab Jan 21 2020Tests/Info.plist";
				IPHONEOS_DEPLOYMENT_TARGET = 13.2;
				LD_RUNPATH_SEARCH_PATHS = (
					"$(inherited)",
					"@executable_path/Frameworks",
					"@loader_path/Frameworks",
				);
				PRODUCT_BUNDLE_IDENTIFIER = "com.Margiett.FileManager-Persistence-Lab-Jan-21-2020Tests";
				PRODUCT_NAME = "$(TARGET_NAME)";
				SWIFT_VERSION = 5.0;
				TARGETED_DEVICE_FAMILY = "1,2";
				TEST_HOST = "$(BUILT_PRODUCTS_DIR)/FileManager Persistence Lab Jan 21 2020.app/FileManager Persistence Lab Jan 21 2020";
			};
			name = Release;
		};
/* End XCBuildConfiguration section */

/* Begin XCConfigurationList section */
		9FE9960F23D7B5C700C32291 /* Build configuration list for PBXProject "FileManager Persistence Lab Jan 21 2020" */ = {
			isa = XCConfigurationList;
			buildConfigurations = (
				9FE9963123D7B5CD00C32291 /* Debug */,
				9FE9963223D7B5CD00C32291 /* Release */,
			);
			defaultConfigurationIsVisible = 0;
			defaultConfigurationName = Release;
		};
		9FE9963323D7B5CD00C32291 /* Build configuration list for PBXNativeTarget "FileManager Persistence Lab Jan 21 2020" */ = {
			isa = XCConfigurationList;
			buildConfigurations = (
				9FE9963423D7B5CD00C32291 /* Debug */,
				9FE9963523D7B5CD00C32291 /* Release */,
			);
			defaultConfigurationIsVisible = 0;
			defaultConfigurationName = Release;
		};
		9FE9963623D7B5CD00C32291 /* Build configuration list for PBXNativeTarget "FileManager Persistence Lab Jan 21 2020Tests" */ = {
			isa = XCConfigurationList;
			buildConfigurations = (
				9FE9963723D7B5CD00C32291 /* Debug */,
				9FE9963823D7B5CD00C32291 /* Release */,
			);
			defaultConfigurationIsVisible = 0;
			defaultConfigurationName = Release;
		};
/* End XCConfigurationList section */

/* Begin XCRemoteSwiftPackageReference section */
		9F358E9C23D7BFE700C7B92C /* XCRemoteSwiftPackageReference "NetworkHelperSPM" */ = {
			isa = XCRemoteSwiftPackageReference;
			repositoryURL = "https://github.com/alexpaul/NetworkHelperSPM";
			requirement = {
				kind = upToNextMajorVersion;
				minimumVersion = 1.0.6;
			};
		};
		9F358E9F23D7C01F00C7B92C /* XCRemoteSwiftPackageReference "ImageKit" */ = {
			isa = XCRemoteSwiftPackageReference;
			repositoryURL = "https://github.com/alexpaul/ImageKit.git";
			requirement = {
				kind = upToNextMajorVersion;
				minimumVersion = 1.0.4;
			};
		};
/* End XCRemoteSwiftPackageReference section */

/* Begin XCSwiftPackageProductDependency section */
		9F358E9D23D7BFE700C7B92C /* NetworkHelper */ = {
			isa = XCSwiftPackageProductDependency;
			package = 9F358E9C23D7BFE700C7B92C /* XCRemoteSwiftPackageReference "NetworkHelperSPM" */;
			productName = NetworkHelper;
		};
		9F358EA023D7C01F00C7B92C /* ImageKit */ = {
			isa = XCSwiftPackageProductDependency;
			package = 9F358E9F23D7C01F00C7B92C /* XCRemoteSwiftPackageReference "ImageKit" */;
			productName = ImageKit;
		};
/* End XCSwiftPackageProductDependency section */
	};
	rootObject = 9FE9960C23D7B5C700C32291 /* Project object */;
}
